
Microsoft Visual Studio Solution File, Format Version 12.00
# Visual Studio Version 17
VisualStudioVersion = 17.1.32414.318
MinimumVisualStudioVersion = 10.0.40219.1
Project("{9A19103F-16F7-4668-BE54-9A1E7A4F7556}") = "RepositorioAcademico.WebApp", "RepositorioAcademico.WebApp\RepositorioAcademico.WebApp.csproj", "{8EAB8C22-364D-4F3A-A4E8-D29BCB80DED9}"
EndProject
Global
	GlobalSection(SolutionConfigurationPlatforms) = preSolution
		Debug|Any CPU = Debug|Any CPU
		Release|Any CPU = Release|Any CPU
	EndGlobalSection
	GlobalSection(ProjectConfigurationPlatforms) = postSolution
		{8EAB8C22-364D-4F3A-A4E8-D29BCB80DED9}.Debug|Any CPU.ActiveCfg = Debug|Any CPU
		{8EAB8C22-364D-4F3A-A4E8-D29BCB80DED9}.Debug|Any CPU.Build.0 = Debug|Any CPU
		{8EAB8C22-364D-4F3A-A4E8-D29BCB80DED9}.Release|Any CPU.ActiveCfg = Release|Any CPU
		{8EAB8C22-364D-4F3A-A4E8-D29BCB80DED9}.Release|Any CPU.Build.0 = Release|Any CPU
	EndGlobalSection
	GlobalSection(SolutionProperties) = preSolution
		HideSolutionNode = FALSE
	EndGlobalSection
	GlobalSection(ExtensibilityGlobals) = postSolution
		SolutionGuid = {97E60EF1-290D-4682-B383-21CE31CCD029}
	EndGlobalSection
EndGlobal
